
Microsoft Visual Studio Solution File, Format Version 12.00
# Visual Studio 15
VisualStudioVersion = 15.0.27428.2037
MinimumVisualStudioVersion = 10.0.40219.1
Project("{FAE04EC0-301F-11D3-BF4B-00C04F79EFBC}") = "WindowsService", "WindowsService\WindowsService.csproj", "{83EA3701-4986-4AA0-B775-5375B25F78C9}"
EndProject
Global
	GlobalSection(SolutionConfigurationPlatforms) = preSolution
		Debug|Any CPU = Debug|Any CPU
		Release|Any CPU = Release|Any CPU
	EndGlobalSection
	GlobalSection(ProjectConfigurationPlatforms) = postSolution
		{83EA3701-4986-4AA0-B775-5375B25F78C9}.Debug|Any CPU.ActiveCfg = Debug|Any CPU
		{83EA3701-4986-4AA0-B775-5375B25F78C9}.Debug|Any CPU.Build.0 = Debug|Any CPU
		{83EA3701-4986-4AA0-B775-5375B25F78C9}.Release|Any CPU.ActiveCfg = Release|Any CPU
		{83EA3701-4986-4AA0-B775-5375B25F78C9}.Release|Any CPU.Build.0 = Release|Any CPU
	EndGlobalSection
	GlobalSection(SolutionProperties) = preSolution
		HideSolutionNode = FALSE
	EndGlobalSection
	GlobalSection(ExtensibilityGlobals) = postSolution
		SolutionGuid = {378CB137-CF4A-483C-8793-0D573BDA9B03}
	EndGlobalSection
EndGlobal
